{
    "_meta": {
        "hash": {
            "sha256": "b42eed6ab89790dfa3c91d65e39da7e7cb064fd2364fdcd9bc996e88cf8c1967"
        },
        "pipfile-spec": 6,
        "requires": {
            "python_version": "3.6"
        },
        "sources": [
            {
                "name": "pypi",
                "url": "https://pypi.org/simple",
                "verify_ssl": true
            }
        ]
    },
    "default": {
        "biplist": {
            "hashes": [
                "sha256:4c0549764c5fe50b28042ec21aa2e14fe1a2224e239a1dae77d9e7f3932aa4c6"
            ],
            "index": "pypi",
            "version": "==1.0.3"
        },
        "selenium": {
            "hashes": [
                "sha256:6f4c7727d44034b8d635d7cf1c3377f76efc95e192ed5cfb97e0057fe5a92d44",
                "sha256:f35bb209cab740c195276a323c1b750dbcfdb9f6983e7d6e3abba9cd8838f355"
            ],
            "index": "pypi",
            "version": "==3.13.0"
        }
    },
    "develop": {}
}
